{
  "pins" : [
    {
      "identity" : "juxtacode-integration",
      "kind" : "remoteSourceControl",
      "location" : "https://github.com/naiveapps/juxtacode-integration.git",
      "state" : {
        "branch" : "main",
        "revision" : "bfd0545823d2ae3362c2ba0640490dd291da0815"
      }
    }
  ],
  "version" : 2
}
