// !$*UTF8*$!
{
	archiveVersion = 1;
	classes = {
	};
	objectVersion = 56;
	objects = {

/* Begin PBXBuildFile section */
		995A851D29FB2C460092237C /* SampleClientApp.swift in Sources */ = {isa = PBXBuildFile; fileRef = 995A851C29FB2C460092237C /* SampleClientApp.swift */; };
		995A852129FB2C480092237C /* Assets.xcassets in Resources */ = {isa = PBXBuildFile; fileRef = 995A852029FB2C480092237C /* Assets.xcassets */; };
		995A852429FB2C480092237C /* Preview Assets.xcassets in Resources */ = {isa = PBXBuildFile; fileRef = 995A852329FB2C480092237C /* Preview Assets.xcassets */; };
		995A852C29FB4C060092237C /* MergeToolView.swift in Sources */ = {isa = PBXBuildFile; fileRef = 995A852B29FB4C060092237C /* MergeToolView.swift */; };
		995A855129FCFE430092237C /* DiffToolView.swift in Sources */ = {isa = PBXBuildFile; fileRef = 995A855029FCFE430092237C /* DiffToolView.swift */; };
		9969A9592AAAAC71004AEA81 /* JuxtaCodeIntegration in Frameworks */ = {isa = PBXBuildFile; productRef = 9969A9582AAAAC71004AEA81 /* JuxtaCodeIntegration */; };
/* End PBXBuildFile section */

/* Begin PBXFileReference section */
		995A851929FB2C460092237C /* SampleClient.app */ = {isa = PBXFileReference; explicitFileType = wrapper.application; includeInIndex = 0; path = SampleClient.app; sourceTree = BUILT_PRODUCTS_DIR; };
		995A851C29FB2C460092237C /* SampleClientApp.swift */ = {isa = PBXFileReference; lastKnownFileType = sourcecode.swift; path = SampleClientApp.swift; sourceTree = "<group>"; };
		995A852029FB2C480092237C /* Assets.xcassets */ = {isa = PBXFileReference; lastKnownFileType = folder.assetcatalog; path = Assets.xcassets; sourceTree = "<group>"; };
		995A852329FB2C480092237C /* Preview Assets.xcassets */ = {isa = PBXFileReference; lastKnownFileType = folder.assetcatalog; path = "Preview Assets.xcassets"; sourceTree = "<group>"; };
		995A852529FB2C480092237C /* SampleClient.entitlements */ = {isa = PBXFileReference; lastKnownFileType = text.plist.entitlements; path = SampleClient.entitlements; sourceTree = "<group>"; };
		995A852B29FB4C060092237C /* MergeToolView.swift */ = {isa = PBXFileReference; lastKnownFileType = sourcecode.swift; path = MergeToolView.swift; sourceTree = "<group>"; };
		995A855029FCFE430092237C /* DiffToolView.swift */ = {isa = PBXFileReference; lastKnownFileType = sourcecode.swift; path = DiffToolView.swift; sourceTree = "<group>"; };
		995AB4DB2AA6E69500C7DB27 /* Info.plist */ = {isa = PBXFileReference; lastKnownFileType = text.plist; path = Info.plist; sourceTree = "<group>"; };
/* End PBXFileReference section */

/* Begin PBXFrameworksBuildPhase section */
		995A851629FB2C460092237C /* Frameworks */ = {
			isa = PBXFrameworksBuildPhase;
			buildActionMask = 2147483647;
			files = (
				9969A9592AAAAC71004AEA81 /* JuxtaCodeIntegration in Frameworks */,
			);
			runOnlyForDeploymentPostprocessing = 0;
		};
/* End PBXFrameworksBuildPhase section */

/* Begin PBXGroup section */
		995A851029FB2C460092237C = {
			isa = PBXGroup;
			children = (
				995A851B29FB2C460092237C /* SampleClient */,
				995A851A29FB2C460092237C /* Products */,
				995A852D29FB4D150092237C /* Frameworks */,
			);
			sourceTree = "<group>";
		};
		995A851A29FB2C460092237C /* Products */ = {
			isa = PBXGroup;
			children = (
				995A851929FB2C460092237C /* SampleClient.app */,
			);
			name = Products;
			sourceTree = "<group>";
		};
		995A851B29FB2C460092237C /* SampleClient */ = {
			isa = PBXGroup;
			children = (
				995AB4DB2AA6E69500C7DB27 /* Info.plist */,
				995A851C29FB2C460092237C /* SampleClientApp.swift */,
				995A852B29FB4C060092237C /* MergeToolView.swift */,
				995A855029FCFE430092237C /* DiffToolView.swift */,
				995A852029FB2C480092237C /* Assets.xcassets */,
				995A852529FB2C480092237C /* SampleClient.entitlements */,
				995A852229FB2C480092237C /* Preview Content */,
			);
			path = SampleClient;
			sourceTree = "<group>";
		};
		995A852229FB2C480092237C /* Preview Content */ = {
			isa = PBXGroup;
			children = (
				995A852329FB2C480092237C /* Preview Assets.xcassets */,
			);
			path = "Preview Content";
			sourceTree = "<group>";
		};
		995A852D29FB4D150092237C /* Frameworks */ = {
			isa = PBXGroup;
			children = (
			);
			name = Frameworks;
			sourceTree = "<group>";
		};
/* End PBXGroup section */

/* Begin PBXNativeTarget section */
		995A851829FB2C460092237C /* SampleClient */ = {
			isa = PBXNativeTarget;
			buildConfigurationList = 995A852829FB2C480092237C /* Build configuration list for PBXNativeTarget "SampleClient" */;
			buildPhases = (
				995A851529FB2C460092237C /* Sources */,
				995A851629FB2C460092237C /* Frameworks */,
				995A851729FB2C460092237C /* Resources */,
			);
			buildRules = (
			);
			dependencies = (
			);
			name = SampleClient;
			packageProductDependencies = (
				9969A9582AAAAC71004AEA81 /* JuxtaCodeIntegration */,
			);
			productName = SampleClient;
			productReference = 995A851929FB2C460092237C /* SampleClient.app */;
			productType = "com.apple.product-type.application";
		};
/* End PBXNativeTarget section */

/* Begin PBXProject section */
		995A851129FB2C460092237C /* Project object */ = {
			isa = PBXProject;
			attributes = {
				BuildIndependentTargetsInParallel = 1;
				LastSwiftUpdateCheck = 1430;
				LastUpgradeCheck = 1500;
				TargetAttributes = {
					995A851829FB2C460092237C = {
						CreatedOnToolsVersion = 14.3;
					};
				};
			};
			buildConfigurationList = 995A851429FB2C460092237C /* Build configuration list for PBXProject "SampleClient" */;
			compatibilityVersion = "Xcode 14.0";
			developmentRegion = en;
			hasScannedForEncodings = 0;
			knownRegions = (
				en,
				Base,
			);
			mainGroup = 995A851029FB2C460092237C;
			packageReferences = (
				9969A9572AAAAC71004AEA81 /* XCRemoteSwiftPackageReference "juxtacode-integration" */,
			);
			productRefGroup = 995A851A29FB2C460092237C /* Products */;
			projectDirPath = "";
			projectRoot = "";
			targets = (
				995A851829FB2C460092237C /* SampleClient */,
			);
		};
/* End PBXProject section */

/* Begin PBXResourcesBuildPhase section */
		995A851729FB2C460092237C /* Resources */ = {
			isa = PBXResourcesBuildPhase;
			buildActionMask = 2147483647;
			files = (
				995A852429FB2C480092237C /* Preview Assets.xcassets in Resources */,
				995A852129FB2C480092237C /* Assets.xcassets in Resources */,
			);
			runOnlyForDeploymentPostprocessing = 0;
		};
/* End PBXResourcesBuildPhase section */

/* Begin PBXSourcesBuildPhase section */
		995A851529FB2C460092237C /* Sources */ = {
			isa = PBXSourcesBuildPhase;
			buildActionMask = 2147483647;
			files = (
				995A852C29FB4C060092237C /* MergeToolView.swift in Sources */,
				995A851D29FB2C460092237C /* SampleClientApp.swift in Sources */,
				995A855129FCFE430092237C /* DiffToolView.swift in Sources */,
			);
			runOnlyForDeploymentPostprocessing = 0;
		};
/* End PBXSourcesBuildPhase section */

/* Begin XCBuildConfiguration section */
		995A852629FB2C480092237C /* Debug */ = {
			isa = XCBuildConfiguration;
			buildSettings = {
				ALWAYS_SEARCH_USER_PATHS = NO;
				CLANG_ANALYZER_NONNULL = YES;
				CLANG_ANALYZER_NUMBER_OBJECT_CONVERSION = YES_AGGRESSIVE;
				CLANG_CXX_LANGUAGE_STANDARD = "gnu++20";
				CLANG_ENABLE_MODULES = YES;
				CLANG_ENABLE_OBJC_ARC = YES;
				CLANG_ENABLE_OBJC_WEAK = YES;
				CLANG_WARN_BLOCK_CAPTURE_AUTORELEASING = YES;
				CLANG_WARN_BOOL_CONVERSION = YES;
				CLANG_WARN_COMMA = YES;
				CLANG_WARN_CONSTANT_CONVERSION = YES;
				CLANG_WARN_DEPRECATED_OBJC_IMPLEMENTATIONS = YES;
				CLANG_WARN_DIRECT_OBJC_ISA_USAGE = YES_ERROR;
				CLANG_WARN_DOCUMENTATION_COMMENTS = YES;
				CLANG_WARN_EMPTY_BODY = YES;
				CLANG_WARN_ENUM_CONVERSION = YES;
				CLANG_WARN_INFINITE_RECURSION = YES;
				CLANG_WARN_INT_CONVERSION = YES;
				CLANG_WARN_NON_LITERAL_NULL_CONVERSION = YES;
				CLANG_WARN_OBJC_IMPLICIT_RETAIN_SELF = YES;
				CLANG_WARN_OBJC_LITERAL_CONVERSION = YES;
				CLANG_WARN_OBJC_ROOT_CLASS = YES_ERROR;
				CLANG_WARN_QUOTED_INCLUDE_IN_FRAMEWORK_HEADER = YES;
				CLANG_WARN_RANGE_LOOP_ANALYSIS = YES;
				CLANG_WARN_STRICT_PROTOTYPES = YES;
				CLANG_WARN_SUSPICIOUS_MOVE = YES;
				CLANG_WARN_UNGUARDED_AVAILABILITY = YES_AGGRESSIVE;
				CLANG_WARN_UNREACHABLE_CODE = YES;
				CLANG_WARN__DUPLICATE_METHOD_MATCH = YES;
				COPY_PHASE_STRIP = NO;
				DEAD_CODE_STRIPPING = YES;
				DEBUG_INFORMATION_FORMAT = dwarf;
				ENABLE_STRICT_OBJC_MSGSEND = YES;
				ENABLE_TESTABILITY = YES;
				ENABLE_USER_SCRIPT_SANDBOXING = YES;
				GCC_C_LANGUAGE_STANDARD = gnu11;
				GCC_DYNAMIC_NO_PIC = NO;
				GCC_NO_COMMON_BLOCKS = YES;
				GCC_OPTIMIZATION_LEVEL = 0;
				GCC_PREPROCESSOR_DEFINITIONS = (
					"DEBUG=1",
					"$(inherited)",
				);
				GCC_WARN_64_TO_32_BIT_CONVERSION = YES;
				GCC_WARN_ABOUT_RETURN_TYPE = YES_ERROR;
				GCC_WARN_UNDECLARED_SELECTOR = YES;
				GCC_WARN_UNINITIALIZED_AUTOS = YES_AGGRESSIVE;
				GCC_WARN_UNUSED_FUNCTION = YES;
				GCC_WARN_UNUSED_VARIABLE = YES;
				MACOSX_DEPLOYMENT_TARGET = 13.3;
				MTL_ENABLE_DEBUG_INFO = INCLUDE_SOURCE;
				MTL_FAST_MATH = YES;
				ONLY_ACTIVE_ARCH = YES;
				SDKROOT = macosx;
				SWIFT_ACTIVE_COMPILATION_CONDITIONS = DEBUG;
				SWIFT_OPTIMIZATION_LEVEL = "-Onone";
			};
			name = Debug;
		};
		995A852729FB2C480092237C /* Release */ = {
			isa = XCBuildConfiguration;
			buildSettings = {
				ALWAYS_SEARCH_USER_PATHS = NO;
				CLANG_ANALYZER_NONNULL = YES;
				CLANG_ANALYZER_NUMBER_OBJECT_CONVERSION = YES_AGGRESSIVE;
				CLANG_CXX_LANGUAGE_STANDARD = "gnu++20";
				CLANG_ENABLE_MODULES = YES;
				CLANG_ENABLE_OBJC_ARC = YES;
				CLANG_ENABLE_OBJC_WEAK = YES;
				CLANG_WARN_BLOCK_CAPTURE_AUTORELEASING = YES;
				CLANG_WARN_BOOL_CONVERSION = YES;
				CLANG_WARN_COMMA = YES;
				CLANG_WARN_CONSTANT_CONVERSION = YES;
				CLANG_WARN_DEPRECATED_OBJC_IMPLEMENTATIONS = YES;
				CLANG_WARN_DIRECT_OBJC_ISA_USAGE = YES_ERROR;
				CLANG_WARN_DOCUMENTATION_COMMENTS = YES;
				CLANG_WARN_EMPTY_BODY = YES;
				CLANG_WARN_ENUM_CONVERSION = YES;
				CLANG_WARN_INFINITE_RECURSION = YES;
				CLANG_WARN_INT_CONVERSION = YES;
				CLANG_WARN_NON_LITERAL_NULL_CONVERSION = YES;
				CLANG_WARN_OBJC_IMPLICIT_RETAIN_SELF = YES;
				CLANG_WARN_OBJC_LITERAL_CONVERSION = YES;
				CLANG_WARN_OBJC_ROOT_CLASS = YES_ERROR;
				CLANG_WARN_QUOTED_INCLUDE_IN_FRAMEWORK_HEADER = YES;
				CLANG_WARN_RANGE_LOOP_ANALYSIS = YES;
				CLANG_WARN_STRICT_PROTOTYPES = YES;
				CLANG_WARN_SUSPICIOUS_MOVE = YES;
				CLANG_WARN_UNGUARDED_AVAILABILITY = YES_AGGRESSIVE;
				CLANG_WARN_UNREACHABLE_CODE = YES;
				CLANG_WARN__DUPLICATE_METHOD_MATCH = YES;
				COPY_PHASE_STRIP = NO;
				DEAD_CODE_STRIPPING = YES;
				DEBUG_INFORMATION_FORMAT = "dwarf-with-dsym";
				ENABLE_NS_ASSERTIONS = NO;
				ENABLE_STRICT_OBJC_MSGSEND = YES;
				ENABLE_USER_SCRIPT_SANDBOXING = YES;
				GCC_C_LANGUAGE_STANDARD = gnu11;
				GCC_NO_COMMON_BLOCKS = YES;
				GCC_WARN_64_TO_32_BIT_CONVERSION = YES;
				GCC_WARN_ABOUT_RETURN_TYPE = YES_ERROR;
				GCC_WARN_UNDECLARED_SELECTOR = YES;
				GCC_WARN_UNINITIALIZED_AUTOS = YES_AGGRESSIVE;
				GCC_WARN_UNUSED_FUNCTION = YES;
				GCC_WARN_UNUSED_VARIABLE = YES;
				MACOSX_DEPLOYMENT_TARGET = 13.3;
				MTL_ENABLE_DEBUG_INFO = NO;
				MTL_FAST_MATH = YES;
				SDKROOT = macosx;
				SWIFT_COMPILATION_MODE = wholemodule;
				SWIFT_OPTIMIZATION_LEVEL = "-O";
			};
			name = Release;
		};
		995A852929FB2C480092237C /* Debug */ = {
			isa = XCBuildConfiguration;
			buildSettings = {
				ASSETCATALOG_COMPILER_APPICON_NAME = AppIcon;
				ASSETCATALOG_COMPILER_GLOBAL_ACCENT_COLOR_NAME = AccentColor;
				CODE_SIGN_ENTITLEMENTS = SampleClient/SampleClient.entitlements;
				"CODE_SIGN_IDENTITY[sdk=macosx*]" = "-";
				CODE_SIGN_STYLE = Automatic;
				COMBINE_HIDPI_IMAGES = YES;
				CURRENT_PROJECT_VERSION = 1;
				DEAD_CODE_STRIPPING = YES;
				DEVELOPMENT_ASSET_PATHS = "\"SampleClient/Preview Content\"";
				DEVELOPMENT_TEAM = 5CQ8V6UY48;
				ENABLE_HARDENED_RUNTIME = YES;
				ENABLE_PREVIEWS = YES;
				GENERATE_INFOPLIST_FILE = YES;
				INFOPLIST_FILE = SampleClient/Info.plist;
				INFOPLIST_KEY_NSAppleEventsUsageDescription = "Needed to integrate with JuxtaCode";
				INFOPLIST_KEY_NSHumanReadableCopyright = "";
				LD_RUNPATH_SEARCH_PATHS = (
					"$(inherited)",
					"@executable_path/../Frameworks",
				);
				MARKETING_VERSION = 1.0;
				PRODUCT_BUNDLE_IDENTIFIER = com.naiveapps.juxtacode.SampleClient;
				PRODUCT_NAME = "$(TARGET_NAME)";
				SWIFT_EMIT_LOC_STRINGS = YES;
				SWIFT_VERSION = 5.0;
			};
			name = Debug;
		};
		995A852A29FB2C480092237C /* Release */ = {
			isa = XCBuildConfiguration;
			buildSettings = {
				ASSETCATALOG_COMPILER_APPICON_NAME = AppIcon;
				ASSETCATALOG_COMPILER_GLOBAL_ACCENT_COLOR_NAME = AccentColor;
				CODE_SIGN_ENTITLEMENTS = SampleClient/SampleClient.entitlements;
				"CODE_SIGN_IDENTITY[sdk=macosx*]" = "-";
				CODE_SIGN_STYLE = Automatic;
				COMBINE_HIDPI_IMAGES = YES;
				CURRENT_PROJECT_VERSION = 1;
				DEAD_CODE_STRIPPING = YES;
				DEVELOPMENT_ASSET_PATHS = "\"SampleClient/Preview Content\"";
				DEVELOPMENT_TEAM = 5CQ8V6UY48;
				ENABLE_HARDENED_RUNTIME = YES;
				ENABLE_PREVIEWS = YES;
				GENERATE_INFOPLIST_FILE = YES;
				INFOPLIST_FILE = SampleClient/Info.plist;
				INFOPLIST_KEY_NSAppleEventsUsageDescription = "Needed to integrate with JuxtaCode";
				INFOPLIST_KEY_NSHumanReadableCopyright = "";
				LD_RUNPATH_SEARCH_PATHS = (
					"$(inherited)",
					"@executable_path/../Frameworks",
				);
				MARKETING_VERSION = 1.0;
				PRODUCT_BUNDLE_IDENTIFIER = com.naiveapps.juxtacode.SampleClient;
				PRODUCT_NAME = "$(TARGET_NAME)";
				SWIFT_EMIT_LOC_STRINGS = YES;
				SWIFT_VERSION = 5.0;
			};
			name = Release;
		};
/* End XCBuildConfiguration section */

/* Begin XCConfigurationList section */
		995A851429FB2C460092237C /* Build configuration list for PBXProject "SampleClient" */ = {
			isa = XCConfigurationList;
			buildConfigurations = (
				995A852629FB2C480092237C /* Debug */,
				995A852729FB2C480092237C /* Release */,
			);
			defaultConfigurationIsVisible = 0;
			defaultConfigurationName = Release;
		};
		995A852829FB2C480092237C /* Build configuration list for PBXNativeTarget "SampleClient" */ = {
			isa = XCConfigurationList;
			buildConfigurations = (
				995A852929FB2C480092237C /* Debug */,
				995A852A29FB2C480092237C /* Release */,
			);
			defaultConfigurationIsVisible = 0;
			defaultConfigurationName = Release;
		};
/* End XCConfigurationList section */

/* Begin XCRemoteSwiftPackageReference section */
		9969A9572AAAAC71004AEA81 /* XCRemoteSwiftPackageReference "juxtacode-integration" */ = {
			isa = XCRemoteSwiftPackageReference;
			repositoryURL = "https://github.com/naiveapps/juxtacode-integration.git";
			requirement = {
				branch = main;
				kind = branch;
			};
		};
/* End XCRemoteSwiftPackageReference section */

/* Begin XCSwiftPackageProductDependency section */
		9969A9582AAAAC71004AEA81 /* JuxtaCodeIntegration */ = {
			isa = XCSwiftPackageProductDependency;
			package = 9969A9572AAAAC71004AEA81 /* XCRemoteSwiftPackageReference "juxtacode-integration" */;
			productName = JuxtaCodeIntegration;
		};
/* End XCSwiftPackageProductDependency section */
	};
	rootObject = 995A851129FB2C460092237C /* Project object */;
}
